
Microsoft Visual Studio Solution File, Format Version 12.00
# Visual Studio 2013
VisualStudioVersion = 12.0.21005.1
MinimumVisualStudioVersion = 10.0.40219.1
Project("{2150E333-8FDC-42A3-9474-1A3956D46DE8}") = "KobsisSiparisTakip.Client", "KobsisSiparisTakip.Client", "{800E7633-0746-4812-8A70-9E9E7A7A45EE}"
EndProject
Project("{2150E333-8FDC-42A3-9474-1A3956D46DE8}") = "KobsisSiparisTakip.Business", "KobsisSiparisTakip.Business", "{34DE5972-67C7-469F-A106-A72EF499E0BC}"
EndProject
Project("{2150E333-8FDC-42A3-9474-1A3956D46DE8}") = "WebFrame", "WebFrame", "{92394C52-A256-402D-8DFB-D09BC975B3F4}"
EndProject
Project("{FAE04EC0-301F-11D3-BF4B-00C04F79EFBC}") = "KobsisSiparisTakip.Business", "KobsisSiparisTakip.Business\KobsisBusiness\KobsisSiparisTakip.Business.csproj", "{B072D81F-E4CA-4B91-851A-3B325FBB76FD}"
EndProject
Project("{FAE04EC0-301F-11D3-BF4B-00C04F79EFBC}") = "WebFrame.Business", "WebFrame\WebFrame.Business\WebFrame.Business.csproj", "{4B93F83B-E6D9-4151-9DD4-7DDD456AA400}"
EndProject
Project("{FAE04EC0-301F-11D3-BF4B-00C04F79EFBC}") = "WebFrame.DataAccess", "WebFrame\WebFrame.DataAccess\WebFrame.DataAccess.csproj", "{7BA625A4-2074-4E52-B065-F1909B7BD4DA}"
EndProject
Project("{FAE04EC0-301F-11D3-BF4B-00C04F79EFBC}") = "WebFrame.DataType.Common", "WebFrame\WebFrame.Datatype.Common\WebFrame.DataType.Common.csproj", "{BCE5B574-97AD-4BB6-A906-39812EA4F007}"
EndProject
Project("{FAE04EC0-301F-11D3-BF4B-00C04F79EFBC}") = "WebFrame.Logging", "WebFrame\WebFrame.Logging\WebFrame.Logging.csproj", "{A0F66706-9049-473D-B00A-3067B67E9D5B}"
EndProject
Project("{2150E333-8FDC-42A3-9474-1A3956D46DE8}") = "Utils", "Utils", "{F8283655-5505-4F8C-9E36-140F476429E5}"
EndProject
Project("{FAE04EC0-301F-11D3-BF4B-00C04F79EFBC}") = "WebFrame.Utils.ConnectionStringCryptoHelper", "WebFrame\WebFrame.Utils\WebFrame.Utils.ConnectionStringCryptoHelper\WebFrame.Utils.ConnectionStringCryptoHelper.csproj", "{612C0304-8D2C-44CF-8D88-EA2BD2A50098}"
EndProject
Project("{FAE04EC0-301F-11D3-BF4B-00C04F79EFBC}") = "WebFrame.Utils.HashManagerGUIHelper", "WebFrame\WebFrame.Utils\WebFrame.Utils.HashManagerGUIHelper\WebFrame.Utils.HashManagerGUIHelper.csproj", "{A336E055-479A-4691-A394-0C4D50DEEDE2}"
EndProject
Project("{2150E333-8FDC-42A3-9474-1A3956D46DE8}") = "WebFrame.DLL", "WebFrame.DLL", "{00A0908D-68EC-4AD6-88E9-6C8D7EEF303E}"
	ProjectSection(SolutionItems) = preProject
		WebFrame\DLL\NLog.dll = WebFrame\DLL\NLog.dll
		WebFrame\DLL\NLog.xml = WebFrame\DLL\NLog.xml
		WebFrame\DLL\Oracle.DataAccess.dll = WebFrame\DLL\Oracle.DataAccess.dll
		WebFrame\DLL\Telerik.Web.Design.dll = WebFrame\DLL\Telerik.Web.Design.dll
		WebFrame\DLL\Telerik.Web.UI.dll = WebFrame\DLL\Telerik.Web.UI.dll
		WebFrame\DLL\Telerik.Web.UI.Skins.dll = WebFrame\DLL\Telerik.Web.UI.Skins.dll
	EndProjectSection
EndProject
Project("{FAE04EC0-301F-11D3-BF4B-00C04F79EFBC}") = "KobsisSiparisTakip.Web", "KobsisSiparisTakip.Client\KobsisSiparisTakip.Web\KobsisSiparisTakip.Web.csproj", "{5D267216-3EAC-43E3-B769-993DACD08737}"
EndProject
Global
	GlobalSection(SolutionConfigurationPlatforms) = preSolution
		Debug|Any CPU = Debug|Any CPU
		Release|Any CPU = Release|Any CPU
	EndGlobalSection
	GlobalSection(ProjectConfigurationPlatforms) = postSolution
		{B072D81F-E4CA-4B91-851A-3B325FBB76FD}.Debug|Any CPU.ActiveCfg = Debug|Any CPU
		{B072D81F-E4CA-4B91-851A-3B325FBB76FD}.Debug|Any CPU.Build.0 = Debug|Any CPU
		{B072D81F-E4CA-4B91-851A-3B325FBB76FD}.Release|Any CPU.ActiveCfg = Release|Any CPU
		{B072D81F-E4CA-4B91-851A-3B325FBB76FD}.Release|Any CPU.Build.0 = Release|Any CPU
		{4B93F83B-E6D9-4151-9DD4-7DDD456AA400}.Debug|Any CPU.ActiveCfg = Debug|Any CPU
		{4B93F83B-E6D9-4151-9DD4-7DDD456AA400}.Debug|Any CPU.Build.0 = Debug|Any CPU
		{4B93F83B-E6D9-4151-9DD4-7DDD456AA400}.Release|Any CPU.ActiveCfg = Release|Any CPU
		{4B93F83B-E6D9-4151-9DD4-7DDD456AA400}.Release|Any CPU.Build.0 = Release|Any CPU
		{7BA625A4-2074-4E52-B065-F1909B7BD4DA}.Debug|Any CPU.ActiveCfg = Debug|Any CPU
		{7BA625A4-2074-4E52-B065-F1909B7BD4DA}.Debug|Any CPU.Build.0 = Debug|Any CPU
		{7BA625A4-2074-4E52-B065-F1909B7BD4DA}.Release|Any CPU.ActiveCfg = Release|Any CPU
		{7BA625A4-2074-4E52-B065-F1909B7BD4DA}.Release|Any CPU.Build.0 = Release|Any CPU
		{BCE5B574-97AD-4BB6-A906-39812EA4F007}.Debug|Any CPU.ActiveCfg = Debug|Any CPU
		{BCE5B574-97AD-4BB6-A906-39812EA4F007}.Debug|Any CPU.Build.0 = Debug|Any CPU
		{BCE5B574-97AD-4BB6-A906-39812EA4F007}.Release|Any CPU.ActiveCfg = Release|Any CPU
		{BCE5B574-97AD-4BB6-A906-39812EA4F007}.Release|Any CPU.Build.0 = Release|Any CPU
		{A0F66706-9049-473D-B00A-3067B67E9D5B}.Debug|Any CPU.ActiveCfg = Debug|Any CPU
		{A0F66706-9049-473D-B00A-3067B67E9D5B}.Debug|Any CPU.Build.0 = Debug|Any CPU
		{A0F66706-9049-473D-B00A-3067B67E9D5B}.Release|Any CPU.ActiveCfg = Release|Any CPU
		{A0F66706-9049-473D-B00A-3067B67E9D5B}.Release|Any CPU.Build.0 = Release|Any CPU
		{612C0304-8D2C-44CF-8D88-EA2BD2A50098}.Debug|Any CPU.ActiveCfg = Debug|Any CPU
		{612C0304-8D2C-44CF-8D88-EA2BD2A50098}.Debug|Any CPU.Build.0 = Debug|Any CPU
		{612C0304-8D2C-44CF-8D88-EA2BD2A50098}.Release|Any CPU.ActiveCfg = Release|Any CPU
		{612C0304-8D2C-44CF-8D88-EA2BD2A50098}.Release|Any CPU.Build.0 = Release|Any CPU
		{A336E055-479A-4691-A394-0C4D50DEEDE2}.Debug|Any CPU.ActiveCfg = Debug|Any CPU
		{A336E055-479A-4691-A394-0C4D50DEEDE2}.Debug|Any CPU.Build.0 = Debug|Any CPU
		{A336E055-479A-4691-A394-0C4D50DEEDE2}.Release|Any CPU.ActiveCfg = Release|Any CPU
		{A336E055-479A-4691-A394-0C4D50DEEDE2}.Release|Any CPU.Build.0 = Release|Any CPU
		{5D267216-3EAC-43E3-B769-993DACD08737}.Debug|Any CPU.ActiveCfg = Debug|Any CPU
		{5D267216-3EAC-43E3-B769-993DACD08737}.Debug|Any CPU.Build.0 = Debug|Any CPU
		{5D267216-3EAC-43E3-B769-993DACD08737}.Release|Any CPU.ActiveCfg = Release|Any CPU
		{5D267216-3EAC-43E3-B769-993DACD08737}.Release|Any CPU.Build.0 = Release|Any CPU
	EndGlobalSection
	GlobalSection(SolutionProperties) = preSolution
		HideSolutionNode = FALSE
	EndGlobalSection
	GlobalSection(NestedProjects) = preSolution
		{5D267216-3EAC-43E3-B769-993DACD08737} = {800E7633-0746-4812-8A70-9E9E7A7A45EE}
		{B072D81F-E4CA-4B91-851A-3B325FBB76FD} = {34DE5972-67C7-469F-A106-A72EF499E0BC}
		{4B93F83B-E6D9-4151-9DD4-7DDD456AA400} = {92394C52-A256-402D-8DFB-D09BC975B3F4}
		{7BA625A4-2074-4E52-B065-F1909B7BD4DA} = {92394C52-A256-402D-8DFB-D09BC975B3F4}
		{BCE5B574-97AD-4BB6-A906-39812EA4F007} = {92394C52-A256-402D-8DFB-D09BC975B3F4}
		{A0F66706-9049-473D-B00A-3067B67E9D5B} = {92394C52-A256-402D-8DFB-D09BC975B3F4}
		{F8283655-5505-4F8C-9E36-140F476429E5} = {92394C52-A256-402D-8DFB-D09BC975B3F4}
		{612C0304-8D2C-44CF-8D88-EA2BD2A50098} = {F8283655-5505-4F8C-9E36-140F476429E5}
		{A336E055-479A-4691-A394-0C4D50DEEDE2} = {F8283655-5505-4F8C-9E36-140F476429E5}
	EndGlobalSection
EndGlobal
